{
  "name": "questions_manager",
  "requires": true,
  "lockfileVersion": 1,
  "dependencies": {
    "ace-builds": {
      "version": "1.4.4",
      "resolved": "https://registry.npmjs.org/ace-builds/-/ace-builds-1.4.4.tgz",
      "integrity": "sha512-EQArUYup9c3lBv8meKBjisff/qhhQmU/6LnLhVDfxe+Bnjr0Lz7qhL4Mp8HpwNQzmCqLunjdPFuBtCELVVG6zw=="
    },
    "clusterize.js": {
      "version": "0.18.1",
      "resolved": "https://registry.npmjs.org/clusterize.js/-/clusterize.js-0.18.1.tgz",
      "integrity": "sha512-UsLhW2lG3TaTnE8LI7ninvovua3FLrlsbksb9uzx0fVzzV2WFScO5FU/4yFwdM8RW8iuYVWFraBpDjsosReFlg=="
    },
    "jquery": {
      "version": "3.3.1",
      "resolved": "https://registry.npmjs.org/jquery/-/jquery-3.3.1.tgz",
      "integrity": "sha512-Ubldcmxp5np52/ENotGxlLe6aGMvmF4R8S6tZjsP6Knsaxd/xp3Zrh50cG93lR6nPXyUFwzN3ZSOQI0wRJNdGg==",
      "dev": true
    },
    "jquery-ujs": {
      "version": "1.2.2",
      "resolved": "https://registry.npmjs.org/jquery-ujs/-/jquery-ujs-1.2.2.tgz",
      "integrity": "sha1-ao7xAg5rbdo4W5CkvdwSjCHFY5c=",
      "dev": true,
      "requires": {
        "jquery": ">=1.8.0"
      }
    }
  }
}
